// !$*UTF8*$!
{
	archiveVersion = 1;
	classes = {
	};
	objectVersion = 46;
	objects = {

/* Begin PBXBuildFile section */
		B84751551AC03E9A00717D2D /* MapKit.framework in Frameworks */ = {isa = PBXBuildFile; fileRef = B84751541AC03E9A00717D2D /* MapKit.framework */; };
		B84751701AC0B4EB00717D2D /* TTMapAnnotation.m in Sources */ = {isa = PBXBuildFile; fileRef = B847516F1AC0B4EB00717D2D /* TTMapAnnotation.m */; };
		B84751731AC16C6000717D2D /* VSBookmark.m in Sources */ = {isa = PBXBuildFile; fileRef = B84751721AC16C6000717D2D /* VSBookmark.m */; };
		B84751761AC172BA00717D2D /* VSDetailsViewController.m in Sources */ = {isa = PBXBuildFile; fileRef = B84751751AC172BA00717D2D /* VSDetailsViewController.m */; };
		B84751791AC19EA700717D2D /* VSBookmarkListController.m in Sources */ = {isa = PBXBuildFile; fileRef = B84751781AC19EA700717D2D /* VSBookmarkListController.m */; };
		B873A2BB1AC02E530083CDC4 /* main.m in Sources */ = {isa = PBXBuildFile; fileRef = B873A2BA1AC02E530083CDC4 /* main.m */; };
		B873A2BE1AC02E530083CDC4 /* AppDelegate.m in Sources */ = {isa = PBXBuildFile; fileRef = B873A2BD1AC02E530083CDC4 /* AppDelegate.m */; };
		B873A2C11AC02E530083CDC4 /* MapBookmarks.xcdatamodeld in Sources */ = {isa = PBXBuildFile; fileRef = B873A2BF1AC02E530083CDC4 /* MapBookmarks.xcdatamodeld */; };
		B873A2C41AC02E530083CDC4 /* ViewController.m in Sources */ = {isa = PBXBuildFile; fileRef = B873A2C31AC02E530083CDC4 /* ViewController.m */; };
		B873A2C71AC02E530083CDC4 /* Main.storyboard in Resources */ = {isa = PBXBuildFile; fileRef = B873A2C51AC02E530083CDC4 /* Main.storyboard */; };
		B873A2C91AC02E530083CDC4 /* Images.xcassets in Resources */ = {isa = PBXBuildFile; fileRef = B873A2C81AC02E530083CDC4 /* Images.xcassets */; };
		B873A2CC1AC02E530083CDC4 /* LaunchScreen.xib in Resources */ = {isa = PBXBuildFile; fileRef = B873A2CA1AC02E530083CDC4 /* LaunchScreen.xib */; };
		B873A2D81AC02E530083CDC4 /* MapBookmarksTests.m in Sources */ = {isa = PBXBuildFile; fileRef = B873A2D71AC02E530083CDC4 /* MapBookmarksTests.m */; };
		B878E4B01AC2177900F26927 /* RegexKitLite.m in Sources */ = {isa = PBXBuildFile; fileRef = B878E4AF1AC2177900F26927 /* RegexKitLite.m */; settings = {COMPILER_FLAGS = "-fno-objc-arc"; }; };
		F66E1D85D8C04238B4725AA0 /* libPods.a in Frameworks */ = {isa = PBXBuildFile; fileRef = 5E211950790B445899F55AC1 /* libPods.a */; };
/* End PBXBuildFile section */

/* Begin PBXContainerItemProxy section */
		B873A2D21AC02E530083CDC4 /* PBXContainerItemProxy */ = {
			isa = PBXContainerItemProxy;
			containerPortal = B873A2AD1AC02E530083CDC4 /* Project object */;
			proxyType = 1;
			remoteGlobalIDString = B873A2B41AC02E530083CDC4;
			remoteInfo = MapBookmarks;
		};
/* End PBXContainerItemProxy section */

/* Begin PBXFileReference section */
		5E211950790B445899F55AC1 /* libPods.a */ = {isa = PBXFileReference; explicitFileType = archive.ar; includeInIndex = 0; path = libPods.a; sourceTree = BUILT_PRODUCTS_DIR; };
		8A8073A0AACF4A3885C91774 /* Pods.xcconfig */ = {isa = PBXFileReference; includeInIndex = 1; lastKnownFileType = text.xcconfig; name = Pods.xcconfig; path = Pods/Pods.xcconfig; sourceTree = "<group>"; };
		B84751541AC03E9A00717D2D /* MapKit.framework */ = {isa = PBXFileReference; lastKnownFileType = wrapper.framework; name = MapKit.framework; path = System/Library/Frameworks/MapKit.framework; sourceTree = SDKROOT; };
		B847516E1AC0B4EB00717D2D /* TTMapAnnotation.h */ = {isa = PBXFileReference; fileEncoding = 4; lastKnownFileType = sourcecode.c.h; path = TTMapAnnotation.h; sourceTree = "<group>"; };
		B847516F1AC0B4EB00717D2D /* TTMapAnnotation.m */ = {isa = PBXFileReference; fileEncoding = 4; lastKnownFileType = sourcecode.c.objc; path = TTMapAnnotation.m; sourceTree = "<group>"; };
		B84751711AC16C6000717D2D /* VSBookmark.h */ = {isa = PBXFileReference; fileEncoding = 4; lastKnownFileType = sourcecode.c.h; path = VSBookmark.h; sourceTree = "<group>"; };
		B84751721AC16C6000717D2D /* VSBookmark.m */ = {isa = PBXFileReference; fileEncoding = 4; lastKnownFileType = sourcecode.c.objc; path = VSBookmark.m; sourceTree = "<group>"; };
		B84751741AC172BA00717D2D /* VSDetailsViewController.h */ = {isa = PBXFileReference; fileEncoding = 4; lastKnownFileType = sourcecode.c.h; path = VSDetailsViewController.h; sourceTree = "<group>"; };
		B84751751AC172BA00717D2D /* VSDetailsViewController.m */ = {isa = PBXFileReference; fileEncoding = 4; lastKnownFileType = sourcecode.c.objc; path = VSDetailsViewController.m; sourceTree = "<group>"; };
		B84751771AC19EA700717D2D /* VSBookmarkListController.h */ = {isa = PBXFileReference; fileEncoding = 4; lastKnownFileType = sourcecode.c.h; path = VSBookmarkListController.h; sourceTree = "<group>"; };
		B84751781AC19EA700717D2D /* VSBookmarkListController.m */ = {isa = PBXFileReference; fileEncoding = 4; lastKnownFileType = sourcecode.c.objc; path = VSBookmarkListController.m; sourceTree = "<group>"; };
		B873A2B51AC02E530083CDC4 /* MapBookmarks.app */ = {isa = PBXFileReference; explicitFileType = wrapper.application; includeInIndex = 0; path = MapBookmarks.app; sourceTree = BUILT_PRODUCTS_DIR; };
		B873A2B91AC02E530083CDC4 /* Info.plist */ = {isa = PBXFileReference; lastKnownFileType = text.plist.xml; path = Info.plist; sourceTree = "<group>"; };
		B873A2BA1AC02E530083CDC4 /* main.m */ = {isa = PBXFileReference; lastKnownFileType = sourcecode.c.objc; path = main.m; sourceTree = "<group>"; };
		B873A2BC1AC02E530083CDC4 /* AppDelegate.h */ = {isa = PBXFileReference; lastKnownFileType = sourcecode.c.h; path = AppDelegate.h; sourceTree = "<group>"; };
		B873A2BD1AC02E530083CDC4 /* AppDelegate.m */ = {isa = PBXFileReference; lastKnownFileType = sourcecode.c.objc; path = AppDelegate.m; sourceTree = "<group>"; };
		B873A2C01AC02E530083CDC4 /* MapBookmarks.xcdatamodel */ = {isa = PBXFileReference; lastKnownFileType = wrapper.xcdatamodel; path = MapBookmarks.xcdatamodel; sourceTree = "<group>"; };
		B873A2C21AC02E530083CDC4 /* ViewController.h */ = {isa = PBXFileReference; lastKnownFileType = sourcecode.c.h; path = ViewController.h; sourceTree = "<group>"; };
		B873A2C31AC02E530083CDC4 /* ViewController.m */ = {isa = PBXFileReference; lastKnownFileType = sourcecode.c.objc; path = ViewController.m; sourceTree = "<group>"; };
		B873A2C61AC02E530083CDC4 /* Base */ = {isa = PBXFileReference; lastKnownFileType = file.storyboard; name = Base; path = Base.lproj/Main.storyboard; sourceTree = "<group>"; };
		B873A2C81AC02E530083CDC4 /* Images.xcassets */ = {isa = PBXFileReference; lastKnownFileType = folder.assetcatalog; path = Images.xcassets; sourceTree = "<group>"; };
		B873A2CB1AC02E530083CDC4 /* Base */ = {isa = PBXFileReference; lastKnownFileType = file.xib; name = Base; path = Base.lproj/LaunchScreen.xib; sourceTree = "<group>"; };
		B873A2D11AC02E530083CDC4 /* MapBookmarksTests.xctest */ = {isa = PBXFileReference; explicitFileType = wrapper.cfbundle; includeInIndex = 0; path = MapBookmarksTests.xctest; sourceTree = BUILT_PRODUCTS_DIR; };
		B873A2D61AC02E530083CDC4 /* Info.plist */ = {isa = PBXFileReference; lastKnownFileType = text.plist.xml; path = Info.plist; sourceTree = "<group>"; };
		B873A2D71AC02E530083CDC4 /* MapBookmarksTests.m */ = {isa = PBXFileReference; lastKnownFileType = sourcecode.c.objc; path = MapBookmarksTests.m; sourceTree = "<group>"; };
		B878E4AE1AC2177900F26927 /* RegexKitLite.h */ = {isa = PBXFileReference; fileEncoding = 4; lastKnownFileType = sourcecode.c.h; path = RegexKitLite.h; sourceTree = "<group>"; };
		B878E4AF1AC2177900F26927 /* RegexKitLite.m */ = {isa = PBXFileReference; fileEncoding = 4; lastKnownFileType = sourcecode.c.objc; path = RegexKitLite.m; sourceTree = "<group>"; };
/* End PBXFileReference section */

/* Begin PBXFrameworksBuildPhase section */
		B873A2B21AC02E530083CDC4 /* Frameworks */ = {
			isa = PBXFrameworksBuildPhase;
			buildActionMask = 2147483647;
			files = (
				B84751551AC03E9A00717D2D /* MapKit.framework in Frameworks */,
				F66E1D85D8C04238B4725AA0 /* libPods.a in Frameworks */,
			);
			runOnlyForDeploymentPostprocessing = 0;
		};
		B873A2CE1AC02E530083CDC4 /* Frameworks */ = {
			isa = PBXFrameworksBuildPhase;
			buildActionMask = 2147483647;
			files = (
			);
			runOnlyForDeploymentPostprocessing = 0;
		};
/* End PBXFrameworksBuildPhase section */

/* Begin PBXGroup section */
		B376BEA150DC420DBE13693F /* Frameworks */ = {
			isa = PBXGroup;
			children = (
				B84751541AC03E9A00717D2D /* MapKit.framework */,
				5E211950790B445899F55AC1 /* libPods.a */,
			);
			name = Frameworks;
			sourceTree = "<group>";
		};
		B873A2AC1AC02E530083CDC4 = {
			isa = PBXGroup;
			children = (
				B873A2B71AC02E530083CDC4 /* MapBookmarks */,
				B873A2D41AC02E530083CDC4 /* MapBookmarksTests */,
				B873A2B61AC02E530083CDC4 /* Products */,
				8A8073A0AACF4A3885C91774 /* Pods.xcconfig */,
				B376BEA150DC420DBE13693F /* Frameworks */,
			);
			sourceTree = "<group>";
		};
		B873A2B61AC02E530083CDC4 /* Products */ = {
			isa = PBXGroup;
			children = (
				B873A2B51AC02E530083CDC4 /* MapBookmarks.app */,
				B873A2D11AC02E530083CDC4 /* MapBookmarksTests.xctest */,
			);
			name = Products;
			sourceTree = "<group>";
		};
		B873A2B71AC02E530083CDC4 /* MapBookmarks */ = {
			isa = PBXGroup;
			children = (
				B878E4AE1AC2177900F26927 /* RegexKitLite.h */,
				B878E4AF1AC2177900F26927 /* RegexKitLite.m */,
				B847516E1AC0B4EB00717D2D /* TTMapAnnotation.h */,
				B847516F1AC0B4EB00717D2D /* TTMapAnnotation.m */,
				B873A2BC1AC02E530083CDC4 /* AppDelegate.h */,
				B873A2BD1AC02E530083CDC4 /* AppDelegate.m */,
				B873A2C21AC02E530083CDC4 /* ViewController.h */,
				B873A2C31AC02E530083CDC4 /* ViewController.m */,
				B873A2C51AC02E530083CDC4 /* Main.storyboard */,
				B873A2C81AC02E530083CDC4 /* Images.xcassets */,
				B84751711AC16C6000717D2D /* VSBookmark.h */,
				B84751721AC16C6000717D2D /* VSBookmark.m */,
				B84751741AC172BA00717D2D /* VSDetailsViewController.h */,
				B84751751AC172BA00717D2D /* VSDetailsViewController.m */,
				B873A2CA1AC02E530083CDC4 /* LaunchScreen.xib */,
				B873A2BF1AC02E530083CDC4 /* MapBookmarks.xcdatamodeld */,
				B873A2B81AC02E530083CDC4 /* Supporting Files */,
				B84751771AC19EA700717D2D /* VSBookmarkListController.h */,
				B84751781AC19EA700717D2D /* VSBookmarkListController.m */,
			);
			path = MapBookmarks;
			sourceTree = "<group>";
		};
		B873A2B81AC02E530083CDC4 /* Supporting Files */ = {
			isa = PBXGroup;
			children = (
				B873A2B91AC02E530083CDC4 /* Info.plist */,
				B873A2BA1AC02E530083CDC4 /* main.m */,
			);
			name = "Supporting Files";
			sourceTree = "<group>";
		};
		B873A2D41AC02E530083CDC4 /* MapBookmarksTests */ = {
			isa = PBXGroup;
			children = (
				B873A2D71AC02E530083CDC4 /* MapBookmarksTests.m */,
				B873A2D51AC02E530083CDC4 /* Supporting Files */,
			);
			path = MapBookmarksTests;
			sourceTree = "<group>";
		};
		B873A2D51AC02E530083CDC4 /* Supporting Files */ = {
			isa = PBXGroup;
			children = (
				B873A2D61AC02E530083CDC4 /* Info.plist */,
			);
			name = "Supporting Files";
			sourceTree = "<group>";
		};
/* End PBXGroup section */

/* Begin PBXNativeTarget section */
		B873A2B41AC02E530083CDC4 /* MapBookmarks */ = {
			isa = PBXNativeTarget;
			buildConfigurationList = B873A2DB1AC02E530083CDC4 /* Build configuration list for PBXNativeTarget "MapBookmarks" */;
			buildPhases = (
				D57438BF00714E44B98DCC59 /* Check Pods Manifest.lock */,
				B873A2B11AC02E530083CDC4 /* Sources */,
				B873A2B21AC02E530083CDC4 /* Frameworks */,
				B873A2B31AC02E530083CDC4 /* Resources */,
				1A0ABF77F25C47E484F6E7EC /* Copy Pods Resources */,
			);
			buildRules = (
			);
			dependencies = (
			);
			name = MapBookmarks;
			productName = MapBookmarks;
			productReference = B873A2B51AC02E530083CDC4 /* MapBookmarks.app */;
			productType = "com.apple.product-type.application";
		};
		B873A2D01AC02E530083CDC4 /* MapBookmarksTests */ = {
			isa = PBXNativeTarget;
			buildConfigurationList = B873A2DE1AC02E530083CDC4 /* Build configuration list for PBXNativeTarget "MapBookmarksTests" */;
			buildPhases = (
				B873A2CD1AC02E530083CDC4 /* Sources */,
				B873A2CE1AC02E530083CDC4 /* Frameworks */,
				B873A2CF1AC02E530083CDC4 /* Resources */,
			);
			buildRules = (
			);
			dependencies = (
				B873A2D31AC02E530083CDC4 /* PBXTargetDependency */,
			);
			name = MapBookmarksTests;
			productName = MapBookmarksTests;
			productReference = B873A2D11AC02E530083CDC4 /* MapBookmarksTests.xctest */;
			productType = "com.apple.product-type.bundle.unit-test";
		};
/* End PBXNativeTarget section */

/* Begin PBXProject section */
		B873A2AD1AC02E530083CDC4 /* Project object */ = {
			isa = PBXProject;
			attributes = {
				LastUpgradeCheck = 0620;
				ORGANIZATIONNAME = "Sergey Voinov";
				TargetAttributes = {
					B873A2B41AC02E530083CDC4 = {
						CreatedOnToolsVersion = 6.2;
					};
					B873A2D01AC02E530083CDC4 = {
						CreatedOnToolsVersion = 6.2;
						TestTargetID = B873A2B41AC02E530083CDC4;
					};
				};
			};
			buildConfigurationList = B873A2B01AC02E530083CDC4 /* Build configuration list for PBXProject "MapBookmarks" */;
			compatibilityVersion = "Xcode 3.2";
			developmentRegion = English;
			hasScannedForEncodings = 0;
			knownRegions = (
				en,
				Base,
			);
			mainGroup = B873A2AC1AC02E530083CDC4;
			productRefGroup = B873A2B61AC02E530083CDC4 /* Products */;
			projectDirPath = "";
			projectRoot = "";
			targets = (
				B873A2B41AC02E530083CDC4 /* MapBookmarks */,
				B873A2D01AC02E530083CDC4 /* MapBookmarksTests */,
			);
		};
/* End PBXProject section */

/* Begin PBXResourcesBuildPhase section */
		B873A2B31AC02E530083CDC4 /* Resources */ = {
			isa = PBXResourcesBuildPhase;
			buildActionMask = 2147483647;
			files = (
				B873A2C71AC02E530083CDC4 /* Main.storyboard in Resources */,
				B873A2CC1AC02E530083CDC4 /* LaunchScreen.xib in Resources */,
				B873A2C91AC02E530083CDC4 /* Images.xcassets in Resources */,
			);
			runOnlyForDeploymentPostprocessing = 0;
		};
		B873A2CF1AC02E530083CDC4 /* Resources */ = {
			isa = PBXResourcesBuildPhase;
			buildActionMask = 2147483647;
			files = (
			);
			runOnlyForDeploymentPostprocessing = 0;
		};
/* End PBXResourcesBuildPhase section */

/* Begin PBXShellScriptBuildPhase section */
		1A0ABF77F25C47E484F6E7EC /* Copy Pods Resources */ = {
			isa = PBXShellScriptBuildPhase;
			buildActionMask = 2147483647;
			files = (
			);
			inputPaths = (
			);
			name = "Copy Pods Resources";
			outputPaths = (
			);
			runOnlyForDeploymentPostprocessing = 0;
			shellPath = /bin/sh;
			shellScript = "\"${SRCROOT}/Pods/Pods-resources.sh\"\n";
			showEnvVarsInLog = 0;
		};
		D57438BF00714E44B98DCC59 /* Check Pods Manifest.lock */ = {
			isa = PBXShellScriptBuildPhase;
			buildActionMask = 2147483647;
			files = (
			);
			inputPaths = (
			);
			name = "Check Pods Manifest.lock";
			outputPaths = (
			);
			runOnlyForDeploymentPostprocessing = 0;
			shellPath = /bin/sh;
			shellScript = "diff \"${PODS_ROOT}/../Podfile.lock\" \"${PODS_ROOT}/Manifest.lock\" > /dev/null\nif [[ $? != 0 ]] ; then\n    cat << EOM\nerror: The sandbox is not in sync with the Podfile.lock. Run 'pod install' or update your CocoaPods installation.\nEOM\n    exit 1\nfi\n";
			showEnvVarsInLog = 0;
		};
/* End PBXShellScriptBuildPhase section */

/* Begin PBXSourcesBuildPhase section */
		B873A2B11AC02E530083CDC4 /* Sources */ = {
			isa = PBXSourcesBuildPhase;
			buildActionMask = 2147483647;
			files = (
				B878E4B01AC2177900F26927 /* RegexKitLite.m in Sources */,
				B84751761AC172BA00717D2D /* VSDetailsViewController.m in Sources */,
				B84751731AC16C6000717D2D /* VSBookmark.m in Sources */,
				B873A2BE1AC02E530083CDC4 /* AppDelegate.m in Sources */,
				B873A2BB1AC02E530083CDC4 /* main.m in Sources */,
				B84751791AC19EA700717D2D /* VSBookmarkListController.m in Sources */,
				B84751701AC0B4EB00717D2D /* TTMapAnnotation.m in Sources */,
				B873A2C41AC02E530083CDC4 /* ViewController.m in Sources */,
				B873A2C11AC02E530083CDC4 /* MapBookmarks.xcdatamodeld in Sources */,
			);
			runOnlyForDeploymentPostprocessing = 0;
		};
		B873A2CD1AC02E530083CDC4 /* Sources */ = {
			isa = PBXSourcesBuildPhase;
			buildActionMask = 2147483647;
			files = (
				B873A2D81AC02E530083CDC4 /* MapBookmarksTests.m in Sources */,
			);
			runOnlyForDeploymentPostprocessing = 0;
		};
/* End PBXSourcesBuildPhase section */

/* Begin PBXTargetDependency section */
		B873A2D31AC02E530083CDC4 /* PBXTargetDependency */ = {
			isa = PBXTargetDependency;
			target = B873A2B41AC02E530083CDC4 /* MapBookmarks */;
			targetProxy = B873A2D21AC02E530083CDC4 /* PBXContainerItemProxy */;
		};
/* End PBXTargetDependency section */

/* Begin PBXVariantGroup section */
		B873A2C51AC02E530083CDC4 /* Main.storyboard */ = {
			isa = PBXVariantGroup;
			children = (
				B873A2C61AC02E530083CDC4 /* Base */,
			);
			name = Main.storyboard;
			sourceTree = "<group>";
		};
		B873A2CA1AC02E530083CDC4 /* LaunchScreen.xib */ = {
			isa = PBXVariantGroup;
			children = (
				B873A2CB1AC02E530083CDC4 /* Base */,
			);
			name = LaunchScreen.xib;
			sourceTree = "<group>";
		};
/* End PBXVariantGroup section */

/* Begin XCBuildConfiguration section */
		B873A2D91AC02E530083CDC4 /* Debug */ = {
			isa = XCBuildConfiguration;
			buildSettings = {
				ALWAYS_SEARCH_USER_PATHS = NO;
				CLANG_CXX_LANGUAGE_STANDARD = "gnu++0x";
				CLANG_CXX_LIBRARY = "libc++";
				CLANG_ENABLE_MODULES = YES;
				CLANG_ENABLE_OBJC_ARC = YES;
				CLANG_WARN_BOOL_CONVERSION = YES;
				CLANG_WARN_CONSTANT_CONVERSION = YES;
				CLANG_WARN_DIRECT_OBJC_ISA_USAGE = YES_ERROR;
				CLANG_WARN_EMPTY_BODY = YES;
				CLANG_WARN_ENUM_CONVERSION = YES;
				CLANG_WARN_INT_CONVERSION = YES;
				CLANG_WARN_OBJC_ROOT_CLASS = YES_ERROR;
				CLANG_WARN_UNREACHABLE_CODE = YES;
				CLANG_WARN__DUPLICATE_METHOD_MATCH = YES;
				"CODE_SIGN_IDENTITY[sdk=iphoneos*]" = "iPhone Developer";
				COPY_PHASE_STRIP = NO;
				ENABLE_STRICT_OBJC_MSGSEND = YES;
				GCC_C_LANGUAGE_STANDARD = gnu99;
				GCC_DYNAMIC_NO_PIC = NO;
				GCC_OPTIMIZATION_LEVEL = 0;
				GCC_PREPROCESSOR_DEFINITIONS = (
					"DEBUG=1",
					"$(inherited)",
				);
				GCC_SYMBOLS_PRIVATE_EXTERN = NO;
				GCC_WARN_64_TO_32_BIT_CONVERSION = YES;
				GCC_WARN_ABOUT_RETURN_TYPE = YES_ERROR;
				GCC_WARN_UNDECLARED_SELECTOR = YES;
				GCC_WARN_UNINITIALIZED_AUTOS = YES_AGGRESSIVE;
				GCC_WARN_UNUSED_FUNCTION = YES;
				GCC_WARN_UNUSED_VARIABLE = YES;
				IPHONEOS_DEPLOYMENT_TARGET = 8.2;
				MTL_ENABLE_DEBUG_INFO = YES;
				ONLY_ACTIVE_ARCH = YES;
				OTHER_LDFLAGS = "-licucore";
				SDKROOT = iphoneos;
				TARGETED_DEVICE_FAMILY = 2;
			};
			name = Debug;
		};
		B873A2DA1AC02E530083CDC4 /* Release */ = {
			isa = XCBuildConfiguration;
			buildSettings = {
				ALWAYS_SEARCH_USER_PATHS = NO;
				CLANG_CXX_LANGUAGE_STANDARD = "gnu++0x";
				CLANG_CXX_LIBRARY = "libc++";
				CLANG_ENABLE_MODULES = YES;
				CLANG_ENABLE_OBJC_ARC = YES;
				CLANG_WARN_BOOL_CONVERSION = YES;
				CLANG_WARN_CONSTANT_CONVERSION = YES;
				CLANG_WARN_DIRECT_OBJC_ISA_USAGE = YES_ERROR;
				CLANG_WARN_EMPTY_BODY = YES;
				CLANG_WARN_ENUM_CONVERSION = YES;
				CLANG_WARN_INT_CONVERSION = YES;
				CLANG_WARN_OBJC_ROOT_CLASS = YES_ERROR;
				CLANG_WARN_UNREACHABLE_CODE = YES;
				CLANG_WARN__DUPLICATE_METHOD_MATCH = YES;
				"CODE_SIGN_IDENTITY[sdk=iphoneos*]" = "iPhone Developer";
				COPY_PHASE_STRIP = NO;
				ENABLE_NS_ASSERTIONS = NO;
				ENABLE_STRICT_OBJC_MSGSEND = YES;
				GCC_C_LANGUAGE_STANDARD = gnu99;
				GCC_WARN_64_TO_32_BIT_CONVERSION = YES;
				GCC_WARN_ABOUT_RETURN_TYPE = YES_ERROR;
				GCC_WARN_UNDECLARED_SELECTOR = YES;
				GCC_WARN_UNINITIALIZED_AUTOS = YES_AGGRESSIVE;
				GCC_WARN_UNUSED_FUNCTION = YES;
				GCC_WARN_UNUSED_VARIABLE = YES;
				IPHONEOS_DEPLOYMENT_TARGET = 8.2;
				MTL_ENABLE_DEBUG_INFO = NO;
				OTHER_LDFLAGS = "-licucore";
				SDKROOT = iphoneos;
				TARGETED_DEVICE_FAMILY = 2;
				VALIDATE_PRODUCT = YES;
			};
			name = Release;
		};
		B873A2DC1AC02E530083CDC4 /* Debug */ = {
			isa = XCBuildConfiguration;
			baseConfigurationReference = 8A8073A0AACF4A3885C91774 /* Pods.xcconfig */;
			buildSettings = {
				ASSETCATALOG_COMPILER_APPICON_NAME = AppIcon;
				INFOPLIST_FILE = MapBookmarks/Info.plist;
				LD_RUNPATH_SEARCH_PATHS = "$(inherited) @executable_path/Frameworks";
				OTHER_LDFLAGS = (
					"-ObjC",
					"-framework",
					CoreGraphics,
					"-framework",
					MobileCoreServices,
					"-framework",
					QuartzCore,
					"-framework",
					Security,
					"-framework",
					SystemConfiguration,
					"-framework",
					UIKit,
					"-weak_framework",
					Accounts,
					"-weak_framework",
					AudioToolbox,
					"-weak_framework",
					CoreGraphics,
					"-weak_framework",
					CoreLocation,
					"-weak_framework",
					Foundation,
					"-weak_framework",
					QuartzCore,
					"-weak_framework",
					Security,
					"-weak_framework",
					Social,
					"-weak_framework",
					UIKit,
					"-licucore",
				);
				PRODUCT_NAME = "$(TARGET_NAME)";
			};
			name = Debug;
		};
		B873A2DD1AC02E530083CDC4 /* Release */ = {
			isa = XCBuildConfiguration;
			baseConfigurationReference = 8A8073A0AACF4A3885C91774 /* Pods.xcconfig */;
			buildSettings = {
				ASSETCATALOG_COMPILER_APPICON_NAME = AppIcon;
				INFOPLIST_FILE = MapBookmarks/Info.plist;
				LD_RUNPATH_SEARCH_PATHS = "$(inherited) @executable_path/Frameworks";
				OTHER_LDFLAGS = (
					"-ObjC",
					"-framework",
					CoreGraphics,
					"-framework",
					MobileCoreServices,
					"-framework",
					QuartzCore,
					"-framework",
					Security,
					"-framework",
					SystemConfiguration,
					"-framework",
					UIKit,
					"-weak_framework",
					Accounts,
					"-weak_framework",
					AudioToolbox,
					"-weak_framework",
					CoreGraphics,
					"-weak_framework",
					CoreLocation,
					"-weak_framework",
					Foundation,
					"-weak_framework",
					QuartzCore,
					"-weak_framework",
					Security,
					"-weak_framework",
					Social,
					"-weak_framework",
					UIKit,
					"-licucore",
				);
				PRODUCT_NAME = "$(TARGET_NAME)";
			};
			name = Release;
		};
		B873A2DF1AC02E530083CDC4 /* Debug */ = {
			isa = XCBuildConfiguration;
			buildSettings = {
				BUNDLE_LOADER = "$(TEST_HOST)";
				FRAMEWORK_SEARCH_PATHS = (
					"$(SDKROOT)/Developer/Library/Frameworks",
					"$(inherited)",
				);
				GCC_PREPROCESSOR_DEFINITIONS = (
					"DEBUG=1",
					"$(inherited)",
				);
				INFOPLIST_FILE = MapBookmarksTests/Info.plist;
				LD_RUNPATH_SEARCH_PATHS = "$(inherited) @executable_path/Frameworks @loader_path/Frameworks";
				PRODUCT_NAME = "$(TARGET_NAME)";
				TEST_HOST = "$(BUILT_PRODUCTS_DIR)/MapBookmarks.app/MapBookmarks";
			};
			name = Debug;
		};
		B873A2E01AC02E530083CDC4 /* Release */ = {
			isa = XCBuildConfiguration;
			buildSettings = {
				BUNDLE_LOADER = "$(TEST_HOST)";
				FRAMEWORK_SEARCH_PATHS = (
					"$(SDKROOT)/Developer/Library/Frameworks",
					"$(inherited)",
				);
				INFOPLIST_FILE = MapBookmarksTests/Info.plist;
				LD_RUNPATH_SEARCH_PATHS = "$(inherited) @executable_path/Frameworks @loader_path/Frameworks";
				PRODUCT_NAME = "$(TARGET_NAME)";
				TEST_HOST = "$(BUILT_PRODUCTS_DIR)/MapBookmarks.app/MapBookmarks";
			};
			name = Release;
		};
/* End XCBuildConfiguration section */

/* Begin XCConfigurationList section */
		B873A2B01AC02E530083CDC4 /* Build configuration list for PBXProject "MapBookmarks" */ = {
			isa = XCConfigurationList;
			buildConfigurations = (
				B873A2D91AC02E530083CDC4 /* Debug */,
				B873A2DA1AC02E530083CDC4 /* Release */,
			);
			defaultConfigurationIsVisible = 0;
			defaultConfigurationName = Release;
		};
		B873A2DB1AC02E530083CDC4 /* Build configuration list for PBXNativeTarget "MapBookmarks" */ = {
			isa = XCConfigurationList;
			buildConfigurations = (
				B873A2DC1AC02E530083CDC4 /* Debug */,
				B873A2DD1AC02E530083CDC4 /* Release */,
			);
			defaultConfigurationIsVisible = 0;
			defaultConfigurationName = Release;
		};
		B873A2DE1AC02E530083CDC4 /* Build configuration list for PBXNativeTarget "MapBookmarksTests" */ = {
			isa = XCConfigurationList;
			buildConfigurations = (
				B873A2DF1AC02E530083CDC4 /* Debug */,
				B873A2E01AC02E530083CDC4 /* Release */,
			);
			defaultConfigurationIsVisible = 0;
			defaultConfigurationName = Release;
		};
/* End XCConfigurationList section */

/* Begin XCVersionGroup section */
		B873A2BF1AC02E530083CDC4 /* MapBookmarks.xcdatamodeld */ = {
			isa = XCVersionGroup;
			children = (
				B873A2C01AC02E530083CDC4 /* MapBookmarks.xcdatamodel */,
			);
			currentVersion = B873A2C01AC02E530083CDC4 /* MapBookmarks.xcdatamodel */;
			path = MapBookmarks.xcdatamodeld;
			sourceTree = "<group>";
			versionGroupType = wrapper.xcdatamodel;
		};
/* End XCVersionGroup section */
	};
	rootObject = B873A2AD1AC02E530083CDC4 /* Project object */;
}
